{
  "name": "gramene-trees-client",
  "version": "2.5.5",
  "lockfileVersion": 1,
  "requires": true,
  "dependencies": {
    "coffee-script": {
      "version": "1.12.6",
      "resolved": "https://registry.npmjs.org/coffee-script/-/coffee-script-1.12.6.tgz",
      "integrity": "sha1-KFo/cRVokGUGTWv570Vy22ZpXL8=",
      "dev": true
    },
    "fileset": {
      "version": "0.1.8",
      "resolved": "https://registry.npmjs.org/fileset/-/fileset-0.1.8.tgz",
      "integrity": "sha1-UGuRqTluqn4y+0KoQHfHoMc2t0E=",
      "dev": true,
      "requires": {
        "glob": "3.2.11",
        "minimatch": "0.2.14"
      }
    },
    "find-insert-index": {
      "version": "0.0.1",
      "resolved": "https://registry.npmjs.org/find-insert-index/-/find-insert-index-0.0.1.tgz",
      "integrity": "sha1-Fs00ZkwqwjOQWrKzl0W87HITYt4="
    },
    "flat-to-nested": {
      "version": "1.0.2",
      "resolved": "https://registry.npmjs.org/flat-to-nested/-/flat-to-nested-1.0.2.tgz",
      "integrity": "sha1-nPOaBClgvDkN9qw3Yr6H+sCTtm8="
    },
    "gaze": {
      "version": "0.3.4",
      "resolved": "https://registry.npmjs.org/gaze/-/gaze-0.3.4.tgz",
      "integrity": "sha1-X5S92gr+U7xxCWm81vKCVI1gwnk=",
      "dev": true,
      "requires": {
        "fileset": "0.1.8",
        "minimatch": "0.2.14"
      }
    },
    "glob": {
      "version": "3.2.11",
      "resolved": "https://registry.npmjs.org/glob/-/glob-3.2.11.tgz",
      "integrity": "sha1-Spc/Y1uRkPcV0QmH1cAP0oFevj0=",
      "dev": true,
      "requires": {
        "inherits": "2.0.3",
        "minimatch": "0.3.0"
      },
      "dependencies": {
        "minimatch": {
          "version": "0.3.0",
          "resolved": "https://registry.npmjs.org/minimatch/-/minimatch-0.3.0.tgz",
          "integrity": "sha1-J12O2qxPG7MyZHIInnlJyDlGmd0=",
          "dev": true,
          "requires": {
            "lru-cache": "2.7.3",
            "sigmund": "1.0.1"
          }
        }
      }
    },
    "gramene-search-client": {
      "version": "3.0.4",
      "resolved": "https://registry.npmjs.org/gramene-search-client/-/gramene-search-client-3.0.4.tgz",
      "integrity": "sha1-dIAtCNEvQ0QBj13c5WSIaMSCLTg=",
      "requires": {
        "lodash": "3.10.1",
        "q": "1.4.1",
        "query-string": "3.0.1",
        "swagger-client": "2.1.13",
        "swagger-model-validator": "2.0.7"
      },
      "dependencies": {
        "argparse": {
          "version": "1.0.6",
          "resolved": "https://registry.npmjs.org/argparse/-/argparse-1.0.6.tgz",
          "integrity": "sha1-raPEat5kaVkG77t6CjN/YZq7RpQ=",
          "requires": {
            "sprintf-js": "1.0.3"
          }
        },
        "async": {
          "version": "1.5.2",
          "resolved": "https://registry.npmjs.org/async/-/async-1.5.2.tgz",
          "integrity": "sha1-7GphrlZIDAw8skHJVhjiCJL5Zyo="
        },
        "btoa": {
          "version": "1.1.2",
          "resolved": "https://registry.npmjs.org/btoa/-/btoa-1.1.2.tgz",
          "integrity": "sha1-PkC4FmP4HS3WWWpMtxSo3BbPq+A="
        },
        "coffee-script": {
          "version": "1.6.3",
          "resolved": "https://registry.npmjs.org/coffee-script/-/coffee-script-1.6.3.tgz",
          "integrity": "sha1-Y1XTLPGwTN/2tITl5xF4Ky8MOb4="
        },
        "combined-stream": {
          "version": "1.0.5",
          "resolved": "https://registry.npmjs.org/combined-stream/-/combined-stream-1.0.5.tgz",
          "integrity": "sha1-k4NwpXtKUd6ix3wV1cX9+JUWQAk=",
          "requires": {
            "delayed-stream": "1.0.0"
          }
        },
        "component-emitter": {
          "version": "1.2.0",
          "resolved": "https://registry.npmjs.org/component-emitter/-/component-emitter-1.2.0.tgz",
          "integrity": "sha1-zNETqGOI0GSC0D3j/H35hSa6jv4="
        },
        "cookiejar": {
          "version": "2.0.6",
          "resolved": "https://registry.npmjs.org/cookiejar/-/cookiejar-2.0.6.tgz",
          "integrity": "sha1-Cr81atANHFohnYjURRgEbdAmrP4="
        },
        "core-util-is": {
          "version": "1.0.2",
          "resolved": "https://registry.npmjs.org/core-util-is/-/core-util-is-1.0.2.tgz",
          "integrity": "sha1-tf1UIgqivFq1eqtxQMlAdUUDwac="
        },
        "debug": {
          "version": "2.2.0",
          "resolved": "https://registry.npmjs.org/debug/-/debug-2.2.0.tgz",
          "integrity": "sha1-+HBX6ZWxofauaklgZkE3vFbwOdo=",
          "requires": {
            "ms": "0.7.1"
          }
        },
        "delayed-stream": {
          "version": "1.0.0",
          "resolved": "https://registry.npmjs.org/delayed-stream/-/delayed-stream-1.0.0.tgz",
          "integrity": "sha1-3zrhmayt+31ECqrgsp4icrJOxhk="
        },
        "esprima": {
          "version": "2.7.2",
          "resolved": "https://registry.npmjs.org/esprima/-/esprima-2.7.2.tgz",
          "integrity": "sha1-9DvlQ2CZhOrkTJM6xjNSpq818zk="
        },
        "exit": {
          "version": "0.1.2",
          "resolved": "https://registry.npmjs.org/exit/-/exit-0.1.2.tgz",
          "integrity": "sha1-BjJjj42HfMghB9MKD/8aF8uhzQw="
        },
        "extend": {
          "version": "3.0.0",
          "resolved": "https://registry.npmjs.org/extend/-/extend-3.0.0.tgz",
          "integrity": "sha1-WkdDU7nzNT3dgXbf03uRyDpG8dQ="
        },
        "form-data": {
          "version": "1.0.0-rc3",
          "resolved": "https://registry.npmjs.org/form-data/-/form-data-1.0.0-rc3.tgz",
          "integrity": "sha1-01vGLn+8KTeuePlIqqDTjZBgdXc=",
          "requires": {
            "async": "1.5.2",
            "combined-stream": "1.0.5",
            "mime-types": "2.1.10"
          }
        },
        "formidable": {
          "version": "1.0.17",
          "resolved": "https://registry.npmjs.org/formidable/-/formidable-1.0.17.tgz",
          "integrity": "sha1-71SRSQ+UM7cF+qdyScmQKa40hVk="
        },
        "glob": {
          "version": "3.2.11",
          "resolved": "https://registry.npmjs.org/glob/-/glob-3.2.11.tgz",
          "integrity": "sha1-Spc/Y1uRkPcV0QmH1cAP0oFevj0=",
          "requires": {
            "inherits": "2.0.1",
            "minimatch": "0.3.0"
          }
        },
        "inherits": {
          "version": "2.0.1",
          "resolved": "https://registry.npmjs.org/inherits/-/inherits-2.0.1.tgz",
          "integrity": "sha1-sX0I0ya0Qj5Wjv9xn5GwscvfafE="
        },
        "isarray": {
          "version": "0.0.1",
          "resolved": "https://registry.npmjs.org/isarray/-/isarray-0.0.1.tgz",
          "integrity": "sha1-ihis/Kmo9Bd+Cav8YDiTmwXR7t8="
        },
        "jasmine-core": {
          "version": "2.4.1",
          "resolved": "https://registry.npmjs.org/jasmine-core/-/jasmine-core-2.4.1.tgz",
          "integrity": "sha1-b4OrOg8WlRcizgfSBsdz1XzIOL4="
        },
        "jasmine-matchers-loader": {
          "version": "0.1.0",
          "resolved": "https://registry.npmjs.org/jasmine-matchers-loader/-/jasmine-matchers-loader-0.1.0.tgz",
          "integrity": "sha1-3aI9uKP/mew7Y1vghdh11S8PAFA="
        },
        "jasmine-only": {
          "version": "0.1.2",
          "resolved": "https://registry.npmjs.org/jasmine-only/-/jasmine-only-0.1.2.tgz",
          "integrity": "sha1-kb27r5B8wCjRmVao46c8kUR4O+c=",
          "requires": {
            "coffee-script": "1.6.3"
          }
        },
        "js-yaml": {
          "version": "3.5.4",
          "resolved": "https://registry.npmjs.org/js-yaml/-/js-yaml-3.5.4.tgz",
          "integrity": "sha1-9k8W3NeL65zoNhBo5zPr5HsHkXk=",
          "requires": {
            "argparse": "1.0.6",
            "esprima": "2.7.2"
          }
        },
        "lodash": {
          "version": "3.10.1",
          "resolved": "https://registry.npmjs.org/lodash/-/lodash-3.10.1.tgz",
          "integrity": "sha1-W/Rejkm6QYnhfUgnid/RW9FAt7Y="
        },
        "lodash-compat": {
          "version": "3.10.2",
          "resolved": "https://registry.npmjs.org/lodash-compat/-/lodash-compat-3.10.2.tgz",
          "integrity": "sha1-xpQBKKnTD46QLNLPmf0Muk7PwYM="
        },
        "lru-cache": {
          "version": "2.7.3",
          "resolved": "https://registry.npmjs.org/lru-cache/-/lru-cache-2.7.3.tgz",
          "integrity": "sha1-bUUk6LlV+V1PW1iFHOId1y+06VI="
        },
        "methods": {
          "version": "1.1.2",
          "resolved": "https://registry.npmjs.org/methods/-/methods-1.1.2.tgz",
          "integrity": "sha1-VSmk1nZUE07cxSZmVoNbD4Ua/O4="
        },
        "mime": {
          "version": "1.3.4",
          "resolved": "https://registry.npmjs.org/mime/-/mime-1.3.4.tgz",
          "integrity": "sha1-EV+eO2s9rylZmDyzjxSaLUDrXVM="
        },
        "mime-db": {
          "version": "1.22.0",
          "resolved": "https://registry.npmjs.org/mime-db/-/mime-db-1.22.0.tgz",
          "integrity": "sha1-qyOmNy3J2G09yRIb0OvTgQWhkEo="
        },
        "mime-types": {
          "version": "2.1.10",
          "resolved": "https://registry.npmjs.org/mime-types/-/mime-types-2.1.10.tgz",
          "integrity": "sha1-uTx8tDYuFtQQcqflRTj7TUMHCDc=",
          "requires": {
            "mime-db": "1.22.0"
          }
        },
        "minimatch": {
          "version": "0.3.0",
          "resolved": "https://registry.npmjs.org/minimatch/-/minimatch-0.3.0.tgz",
          "integrity": "sha1-J12O2qxPG7MyZHIInnlJyDlGmd0=",
          "requires": {
            "lru-cache": "2.7.3",
            "sigmund": "1.0.1"
          }
        },
        "ms": {
          "version": "0.7.1",
          "resolved": "https://registry.npmjs.org/ms/-/ms-0.7.1.tgz",
          "integrity": "sha1-nNE8A62/8ltl7/3nzoZO6VIBcJg="
        },
        "q": {
          "version": "1.4.1",
          "resolved": "https://registry.npmjs.org/q/-/q-1.4.1.tgz",
          "integrity": "sha1-VXBbzZPF82c1MMLCy8DCs63cKG4="
        },
        "qs": {
          "version": "2.3.3",
          "resolved": "https://registry.npmjs.org/qs/-/qs-2.3.3.tgz",
          "integrity": "sha1-6eha2+ddoLvkyOBHaghikPhjtAQ="
        },
        "query-string": {
          "version": "3.0.1",
          "resolved": "https://registry.npmjs.org/query-string/-/query-string-3.0.1.tgz",
          "integrity": "sha1-8EoHWJAqsniFgtgXcgPbnNnmoK0=",
          "requires": {
            "strict-uri-encode": "1.1.0"
          }
        },
        "readable-stream": {
          "version": "1.0.27-1",
          "resolved": "https://registry.npmjs.org/readable-stream/-/readable-stream-1.0.27-1.tgz",
          "integrity": "sha1-a2eYPCA1fO/QfwFlABoW1xDZEHg=",
          "requires": {
            "core-util-is": "1.0.2",
            "inherits": "2.0.1",
            "isarray": "0.0.1",
            "string_decoder": "0.10.31"
          }
        },
        "reduce-component": {
          "version": "1.0.1",
          "resolved": "https://registry.npmjs.org/reduce-component/-/reduce-component-1.0.1.tgz",
          "integrity": "sha1-4Mk1QsV0UhvqE98PlIjtgqt3xdo="
        },
        "sigmund": {
          "version": "1.0.1",
          "resolved": "https://registry.npmjs.org/sigmund/-/sigmund-1.0.1.tgz",
          "integrity": "sha1-P/IfGYytIXX587eBhT/ZTQ0ZtZA="
        },
        "sprintf-js": {
          "version": "1.0.3",
          "resolved": "https://registry.npmjs.org/sprintf-js/-/sprintf-js-1.0.3.tgz",
          "integrity": "sha1-BOaSb2YolTVPPdAVIDYzuFcpfiw="
        },
        "strict-uri-encode": {
          "version": "1.1.0",
          "resolved": "https://registry.npmjs.org/strict-uri-encode/-/strict-uri-encode-1.1.0.tgz",
          "integrity": "sha1-J5siXfHVgrH1TmWt3UNS4Y+qBxM="
        },
        "string_decoder": {
          "version": "0.10.31",
          "resolved": "https://registry.npmjs.org/string_decoder/-/string_decoder-0.10.31.tgz",
          "integrity": "sha1-YuIDvEF2bGwoyfyEMB2rHFMQ+pQ="
        },
        "superagent": {
          "version": "1.8.1",
          "resolved": "https://registry.npmjs.org/superagent/-/superagent-1.8.1.tgz",
          "integrity": "sha1-ZCmqQQ+joA2ZQPza0XEh0YqtC3c=",
          "requires": {
            "component-emitter": "1.2.0",
            "cookiejar": "2.0.6",
            "debug": "2.2.0",
            "extend": "3.0.0",
            "form-data": "1.0.0-rc3",
            "formidable": "1.0.17",
            "methods": "1.1.2",
            "mime": "1.3.4",
            "qs": "2.3.3",
            "readable-stream": "1.0.27-1",
            "reduce-component": "1.0.1"
          }
        },
        "swagger-client": {
          "version": "2.1.13",
          "resolved": "https://registry.npmjs.org/swagger-client/-/swagger-client-2.1.13.tgz",
          "integrity": "sha1-6rSiuzcYy2BBzlsOVx42k8yBN4w=",
          "requires": {
            "btoa": "1.1.2",
            "cookiejar": "2.0.6",
            "js-yaml": "3.5.4",
            "lodash-compat": "3.10.2",
            "q": "1.4.1",
            "superagent": "1.8.1"
          }
        },
        "swagger-model-validator": {
          "version": "2.0.7",
          "resolved": "https://registry.npmjs.org/swagger-model-validator/-/swagger-model-validator-2.0.7.tgz",
          "integrity": "sha1-l4LjV9vHPuqpoUU+zjzFmMFsfX4="
        }
      }
    },
    "growl": {
      "version": "1.7.0",
      "resolved": "https://registry.npmjs.org/growl/-/growl-1.7.0.tgz",
      "integrity": "sha1-3i1mE20ALhErpw8/EMMc98NQsto=",
      "dev": true
    },
    "inherits": {
      "version": "2.0.3",
      "resolved": "https://registry.npmjs.org/inherits/-/inherits-2.0.3.tgz",
      "integrity": "sha1-Yzwsg+PaQqUC9SRmAiSA9CCCYd4=",
      "dev": true
    },
    "jasmine-growl-reporter": {
      "version": "0.0.3",
      "resolved": "https://registry.npmjs.org/jasmine-growl-reporter/-/jasmine-growl-reporter-0.0.3.tgz",
      "integrity": "sha1-uHrlUeNZ0orVIXdl6u9sB7dj9sg=",
      "dev": true,
      "requires": {
        "growl": "1.7.0"
      }
    },
    "jasmine-node": {
      "version": "1.14.5",
      "resolved": "https://registry.npmjs.org/jasmine-node/-/jasmine-node-1.14.5.tgz",
      "integrity": "sha1-GOg5e4VpJO53ADZmw3MbWupQw50=",
      "dev": true,
      "requires": {
        "coffee-script": "1.12.6",
        "gaze": "0.3.4",
        "jasmine-growl-reporter": "0.0.3",
        "jasmine-reporters": "1.0.2",
        "mkdirp": "0.3.5",
        "requirejs": "2.3.3",
        "underscore": "1.8.3",
        "walkdir": "0.0.11"
      }
    },
    "jasmine-reporters": {
      "version": "1.0.2",
      "resolved": "https://registry.npmjs.org/jasmine-reporters/-/jasmine-reporters-1.0.2.tgz",
      "integrity": "sha1-q2E+1Zd9x0h+hbPBL2qOqNsq3jE=",
      "dev": true,
      "requires": {
        "mkdirp": "0.3.5"
      }
    },
    "lodash": {
      "version": "3.10.1",
      "resolved": "https://registry.npmjs.org/lodash/-/lodash-3.10.1.tgz",
      "integrity": "sha1-W/Rejkm6QYnhfUgnid/RW9FAt7Y="
    },
    "lru-cache": {
      "version": "2.7.3",
      "resolved": "https://registry.npmjs.org/lru-cache/-/lru-cache-2.7.3.tgz",
      "integrity": "sha1-bUUk6LlV+V1PW1iFHOId1y+06VI=",
      "dev": true
    },
    "mergesort": {
      "version": "0.0.1",
      "resolved": "https://registry.npmjs.org/mergesort/-/mergesort-0.0.1.tgz",
      "integrity": "sha1-Nk7MMbKX3H9E5RHTZRdvHDnQj8I="
    },
    "minimatch": {
      "version": "0.2.14",
      "resolved": "https://registry.npmjs.org/minimatch/-/minimatch-0.2.14.tgz",
      "integrity": "sha1-x054BXT2PG+aCQ6Q775u9TpqdWo=",
      "dev": true,
      "requires": {
        "lru-cache": "2.7.3",
        "sigmund": "1.0.1"
      }
    },
    "mkdirp": {
      "version": "0.3.5",
      "resolved": "https://registry.npmjs.org/mkdirp/-/mkdirp-0.3.5.tgz",
      "integrity": "sha1-3j5fiWHIjHh+4TaN+EmsRBPsqNc=",
      "dev": true
    },
    "q": {
      "version": "1.5.0",
      "resolved": "https://registry.npmjs.org/q/-/q-1.5.0.tgz",
      "integrity": "sha1-3QG6ydBtMObyGa7LglPunr3DCPE="
    },
    "requirejs": {
      "version": "2.3.3",
      "resolved": "https://registry.npmjs.org/requirejs/-/requirejs-2.3.3.tgz",
      "integrity": "sha1-qln9OgKH6vQHlZoTgigES13WpqM=",
      "dev": true
    },
    "sigmund": {
      "version": "1.0.1",
      "resolved": "https://registry.npmjs.org/sigmund/-/sigmund-1.0.1.tgz",
      "integrity": "sha1-P/IfGYytIXX587eBhT/ZTQ0ZtZA=",
      "dev": true
    },
    "tree-model": {
      "version": "1.0.6",
      "resolved": "https://registry.npmjs.org/tree-model/-/tree-model-1.0.6.tgz",
      "integrity": "sha1-0tU4cilQW6Qxmab2/tHHK9UBlEA=",
      "requires": {
        "find-insert-index": "0.0.1",
        "mergesort": "0.0.1"
      }
    },
    "underscore": {
      "version": "1.8.3",
      "resolved": "https://registry.npmjs.org/underscore/-/underscore-1.8.3.tgz",
      "integrity": "sha1-Tz+1OxBuYJf8+ctBCfKl6b36UCI=",
      "dev": true
    },
    "walkdir": {
      "version": "0.0.11",
      "resolved": "https://registry.npmjs.org/walkdir/-/walkdir-0.0.11.tgz",
      "integrity": "sha1-oW0CXrkxvQO1LzCMrtD0D86+lTI=",
      "dev": true
    }
  }
}
