{
  "name": "gramene-trees-client",
  "version": "2.5.2",
  "lockfileVersion": 1,
  "dependencies": {
    "coffee-script": {
      "version": "1.12.6",
      "resolved": "https://registry.npmjs.org/coffee-script/-/coffee-script-1.12.6.tgz",
      "integrity": "sha1-KFo/cRVokGUGTWv570Vy22ZpXL8=",
      "dev": true
    },
    "fileset": {
      "version": "0.1.8",
      "resolved": "https://registry.npmjs.org/fileset/-/fileset-0.1.8.tgz",
      "integrity": "sha1-UGuRqTluqn4y+0KoQHfHoMc2t0E=",
      "dev": true
    },
    "find-insert-index": {
      "version": "0.0.1",
      "resolved": "https://registry.npmjs.org/find-insert-index/-/find-insert-index-0.0.1.tgz",
      "integrity": "sha1-Fs00ZkwqwjOQWrKzl0W87HITYt4="
    },
    "flat-to-nested": {
      "version": "1.0.2",
      "resolved": "https://registry.npmjs.org/flat-to-nested/-/flat-to-nested-1.0.2.tgz",
      "integrity": "sha1-nPOaBClgvDkN9qw3Yr6H+sCTtm8="
    },
    "gaze": {
      "version": "0.3.4",
      "resolved": "https://registry.npmjs.org/gaze/-/gaze-0.3.4.tgz",
      "integrity": "sha1-X5S92gr+U7xxCWm81vKCVI1gwnk=",
      "dev": true
    },
    "glob": {
      "version": "3.2.11",
      "resolved": "https://registry.npmjs.org/glob/-/glob-3.2.11.tgz",
      "integrity": "sha1-Spc/Y1uRkPcV0QmH1cAP0oFevj0=",
      "dev": true,
      "dependencies": {
        "minimatch": {
          "version": "0.3.0",
          "resolved": "https://registry.npmjs.org/minimatch/-/minimatch-0.3.0.tgz",
          "integrity": "sha1-J12O2qxPG7MyZHIInnlJyDlGmd0=",
          "dev": true
        }
      }
    },
    "gramene-search-client": {
      "version": "2.6.2",
      "resolved": "https://registry.npmjs.org/gramene-search-client/-/gramene-search-client-2.6.2.tgz",
      "integrity": "sha1-RWPEmdpPUbgRmKeWWyJP0oZ+Qbs=",
      "dependencies": {
        "lodash": {
          "version": "https://registry.npmjs.org/lodash/-/lodash-3.10.1.tgz",
          "integrity": "sha1-W/Rejkm6QYnhfUgnid/RW9FAt7Y="
        },
        "q": {
          "version": "https://registry.npmjs.org/q/-/q-1.4.1.tgz",
          "integrity": "sha1-VXBbzZPF82c1MMLCy8DCs63cKG4="
        },
        "query-string": {
          "version": "https://registry.npmjs.org/query-string/-/query-string-3.0.0.tgz",
          "integrity": "sha1-Av0wbwQyBAuRsRBj+UBP4bvUuns=",
          "dependencies": {
            "strict-uri-encode": {
              "version": "https://registry.npmjs.org/strict-uri-encode/-/strict-uri-encode-1.1.0.tgz",
              "integrity": "sha1-J5siXfHVgrH1TmWt3UNS4Y+qBxM="
            }
          }
        },
        "swagger-client": {
          "version": "https://registry.npmjs.org/swagger-client/-/swagger-client-2.1.10.tgz",
          "integrity": "sha1-ZyriSfmaBIQfbEgoNgjuknJKvLM=",
          "dependencies": {
            "btoa": {
              "version": "https://registry.npmjs.org/btoa/-/btoa-1.1.2.tgz",
              "integrity": "sha1-PkC4FmP4HS3WWWpMtxSo3BbPq+A="
            },
            "cookiejar": {
              "version": "https://registry.npmjs.org/cookiejar/-/cookiejar-2.0.6.tgz",
              "integrity": "sha1-Cr81atANHFohnYjURRgEbdAmrP4="
            },
            "js-yaml": {
              "version": "https://registry.npmjs.org/js-yaml/-/js-yaml-3.4.6.tgz",
              "integrity": "sha1-a+GyP2JJ9T0pM3D9TRqqY84bTrA=",
              "dependencies": {
                "argparse": {
                  "version": "https://registry.npmjs.org/argparse/-/argparse-1.0.3.tgz",
                  "integrity": "sha1-FDid7rDCj8TNqUBbn1MqTjeFzoQ=",
                  "dependencies": {
                    "sprintf-js": {
                      "version": "https://registry.npmjs.org/sprintf-js/-/sprintf-js-1.0.3.tgz",
                      "integrity": "sha1-BOaSb2YolTVPPdAVIDYzuFcpfiw="
                    }
                  }
                },
                "esprima": {
                  "version": "https://registry.npmjs.org/esprima/-/esprima-2.7.1.tgz",
                  "integrity": "sha1-KrfRVJ7dBtFNaabBoXVKygLpZX4="
                },
                "inherit": {
                  "version": "https://registry.npmjs.org/inherit/-/inherit-2.2.2.tgz",
                  "integrity": "sha1-O1s0F9Q0+BojTWj3lhJhXkFiRKM="
                }
              }
            },
            "lodash-compat": {
              "version": "https://registry.npmjs.org/lodash-compat/-/lodash-compat-3.10.1.tgz",
              "integrity": "sha1-TFih7pFAQ8B4dfb7MGt9DhwjOVw="
            },
            "superagent": {
              "version": "https://registry.npmjs.org/superagent/-/superagent-1.6.1.tgz",
              "integrity": "sha1-Uro9ICNiySYKKP/7qqQzb+QFrpk=",
              "dependencies": {
                "component-emitter": {
                  "version": "https://registry.npmjs.org/component-emitter/-/component-emitter-1.1.2.tgz",
                  "integrity": "sha1-KWWU8nU9qmOZbSrwjRWpURbJrsM="
                },
                "debug": {
                  "version": "https://registry.npmjs.org/debug/-/debug-2.2.0.tgz",
                  "integrity": "sha1-+HBX6ZWxofauaklgZkE3vFbwOdo=",
                  "dependencies": {
                    "ms": {
                      "version": "https://registry.npmjs.org/ms/-/ms-0.7.1.tgz",
                      "integrity": "sha1-nNE8A62/8ltl7/3nzoZO6VIBcJg="
                    }
                  }
                },
                "extend": {
                  "version": "https://registry.npmjs.org/extend/-/extend-1.2.1.tgz",
                  "integrity": "sha1-oPX9bPyDpf5J72mNYOyKYk3UV2w="
                },
                "form-data": {
                  "version": "https://registry.npmjs.org/form-data/-/form-data-0.2.0.tgz",
                  "integrity": "sha1-Jvi8JtpkQOKZy9z7aQNcT3em5GY=",
                  "dependencies": {
                    "async": {
                      "version": "https://registry.npmjs.org/async/-/async-0.9.2.tgz",
                      "integrity": "sha1-rqdNXmHB+JlhO/ZL2mbUx48v0X0="
                    },
                    "combined-stream": {
                      "version": "https://registry.npmjs.org/combined-stream/-/combined-stream-0.0.7.tgz",
                      "integrity": "sha1-ATfmV7qlp1QcV6w3rF/AfXO03B8=",
                      "dependencies": {
                        "delayed-stream": {
                          "version": "https://registry.npmjs.org/delayed-stream/-/delayed-stream-0.0.5.tgz",
                          "integrity": "sha1-1LH0OpPoKW3+AmlPRoC8N6MTxz8="
                        }
                      }
                    },
                    "mime-types": {
                      "version": "https://registry.npmjs.org/mime-types/-/mime-types-2.0.14.tgz",
                      "integrity": "sha1-MQ4VnbI+B3+Lsit0jav6SVcUCqY=",
                      "dependencies": {
                        "mime-db": {
                          "version": "https://registry.npmjs.org/mime-db/-/mime-db-1.12.0.tgz",
                          "integrity": "sha1-PQxjGA9FjrENMlqqN9fFiuMS6dc="
                        }
                      }
                    }
                  }
                },
                "formidable": {
                  "version": "https://registry.npmjs.org/formidable/-/formidable-1.0.14.tgz",
                  "integrity": "sha1-Kz9MQRy7X91pXESEPiojUUpDIxo="
                },
                "methods": {
                  "version": "https://registry.npmjs.org/methods/-/methods-1.0.1.tgz",
                  "integrity": "sha1-dbyRlD3/19oDfPPusO1zoAN80Us="
                },
                "mime": {
                  "version": "https://registry.npmjs.org/mime/-/mime-1.3.4.tgz",
                  "integrity": "sha1-EV+eO2s9rylZmDyzjxSaLUDrXVM="
                },
                "qs": {
                  "version": "https://registry.npmjs.org/qs/-/qs-2.3.3.tgz",
                  "integrity": "sha1-6eha2+ddoLvkyOBHaghikPhjtAQ="
                },
                "readable-stream": {
                  "version": "https://registry.npmjs.org/readable-stream/-/readable-stream-1.0.27-1.tgz",
                  "integrity": "sha1-a2eYPCA1fO/QfwFlABoW1xDZEHg=",
                  "dependencies": {
                    "core-util-is": {
                      "version": "https://registry.npmjs.org/core-util-is/-/core-util-is-1.0.2.tgz",
                      "integrity": "sha1-tf1UIgqivFq1eqtxQMlAdUUDwac="
                    },
                    "inherits": {
                      "version": "https://registry.npmjs.org/inherits/-/inherits-2.0.1.tgz",
                      "integrity": "sha1-sX0I0ya0Qj5Wjv9xn5GwscvfafE="
                    },
                    "isarray": {
                      "version": "https://registry.npmjs.org/isarray/-/isarray-0.0.1.tgz",
                      "integrity": "sha1-ihis/Kmo9Bd+Cav8YDiTmwXR7t8="
                    },
                    "string_decoder": {
                      "version": "https://registry.npmjs.org/string_decoder/-/string_decoder-0.10.31.tgz",
                      "integrity": "sha1-YuIDvEF2bGwoyfyEMB2rHFMQ+pQ="
                    }
                  }
                },
                "reduce-component": {
                  "version": "https://registry.npmjs.org/reduce-component/-/reduce-component-1.0.1.tgz",
                  "integrity": "sha1-4Mk1QsV0UhvqE98PlIjtgqt3xdo="
                }
              }
            }
          }
        },
        "swagger-model-validator": {
          "version": "https://registry.npmjs.org/swagger-model-validator/-/swagger-model-validator-2.0.4.tgz",
          "integrity": "sha1-cVkAF9mw1QPBWDl4Pb+h8ymsDV4="
        }
      }
    },
    "growl": {
      "version": "1.7.0",
      "resolved": "https://registry.npmjs.org/growl/-/growl-1.7.0.tgz",
      "integrity": "sha1-3i1mE20ALhErpw8/EMMc98NQsto=",
      "dev": true
    },
    "inherits": {
      "version": "2.0.3",
      "resolved": "https://registry.npmjs.org/inherits/-/inherits-2.0.3.tgz",
      "integrity": "sha1-Yzwsg+PaQqUC9SRmAiSA9CCCYd4=",
      "dev": true
    },
    "jasmine-growl-reporter": {
      "version": "0.0.3",
      "resolved": "https://registry.npmjs.org/jasmine-growl-reporter/-/jasmine-growl-reporter-0.0.3.tgz",
      "integrity": "sha1-uHrlUeNZ0orVIXdl6u9sB7dj9sg=",
      "dev": true
    },
    "jasmine-node": {
      "version": "1.14.5",
      "resolved": "https://registry.npmjs.org/jasmine-node/-/jasmine-node-1.14.5.tgz",
      "integrity": "sha1-GOg5e4VpJO53ADZmw3MbWupQw50=",
      "dev": true
    },
    "jasmine-reporters": {
      "version": "1.0.2",
      "resolved": "https://registry.npmjs.org/jasmine-reporters/-/jasmine-reporters-1.0.2.tgz",
      "integrity": "sha1-q2E+1Zd9x0h+hbPBL2qOqNsq3jE=",
      "dev": true
    },
    "lodash": {
      "version": "3.10.1",
      "resolved": "https://registry.npmjs.org/lodash/-/lodash-3.10.1.tgz",
      "integrity": "sha1-W/Rejkm6QYnhfUgnid/RW9FAt7Y="
    },
    "lru-cache": {
      "version": "2.7.3",
      "resolved": "https://registry.npmjs.org/lru-cache/-/lru-cache-2.7.3.tgz",
      "integrity": "sha1-bUUk6LlV+V1PW1iFHOId1y+06VI=",
      "dev": true
    },
    "mergesort": {
      "version": "0.0.1",
      "resolved": "https://registry.npmjs.org/mergesort/-/mergesort-0.0.1.tgz",
      "integrity": "sha1-Nk7MMbKX3H9E5RHTZRdvHDnQj8I="
    },
    "minimatch": {
      "version": "0.2.14",
      "resolved": "https://registry.npmjs.org/minimatch/-/minimatch-0.2.14.tgz",
      "integrity": "sha1-x054BXT2PG+aCQ6Q775u9TpqdWo=",
      "dev": true
    },
    "mkdirp": {
      "version": "0.3.5",
      "resolved": "https://registry.npmjs.org/mkdirp/-/mkdirp-0.3.5.tgz",
      "integrity": "sha1-3j5fiWHIjHh+4TaN+EmsRBPsqNc=",
      "dev": true
    },
    "q": {
      "version": "1.5.0",
      "resolved": "https://registry.npmjs.org/q/-/q-1.5.0.tgz",
      "integrity": "sha1-3QG6ydBtMObyGa7LglPunr3DCPE="
    },
    "requirejs": {
      "version": "2.3.3",
      "resolved": "https://registry.npmjs.org/requirejs/-/requirejs-2.3.3.tgz",
      "integrity": "sha1-qln9OgKH6vQHlZoTgigES13WpqM=",
      "dev": true
    },
    "sigmund": {
      "version": "1.0.1",
      "resolved": "https://registry.npmjs.org/sigmund/-/sigmund-1.0.1.tgz",
      "integrity": "sha1-P/IfGYytIXX587eBhT/ZTQ0ZtZA=",
      "dev": true
    },
    "tree-model": {
      "version": "1.0.6",
      "resolved": "https://registry.npmjs.org/tree-model/-/tree-model-1.0.6.tgz",
      "integrity": "sha1-0tU4cilQW6Qxmab2/tHHK9UBlEA="
    },
    "underscore": {
      "version": "1.8.3",
      "resolved": "https://registry.npmjs.org/underscore/-/underscore-1.8.3.tgz",
      "integrity": "sha1-Tz+1OxBuYJf8+ctBCfKl6b36UCI=",
      "dev": true
    },
    "walkdir": {
      "version": "0.0.11",
      "resolved": "https://registry.npmjs.org/walkdir/-/walkdir-0.0.11.tgz",
      "integrity": "sha1-oW0CXrkxvQO1LzCMrtD0D86+lTI=",
      "dev": true
    }
  }
}
